// !$*UTF8*$!
{
	archiveVersion = 1;
	classes = {
	};
	objectVersion = 55;
	objects = {

/* Begin PBXBuildFile section */
		7BC53C4927DF30A100FB7336 /* localQuizData.json in Resources */ = {isa = PBXBuildFile; fileRef = 7BC53C4827DF30A100FB7336 /* localQuizData.json */; };
		7BC53C4B27DF30DC00FB7336 /* QuizQuestion.swift in Sources */ = {isa = PBXBuildFile; fileRef = 7BC53C4A27DF30DC00FB7336 /* QuizQuestion.swift */; };
		D895C33527BA4A84007ABD57 /* AppDelegate.swift in Sources */ = {isa = PBXBuildFile; fileRef = D895C33427BA4A84007ABD57 /* AppDelegate.swift */; };
		D895C33727BA4A84007ABD57 /* SceneDelegate.swift in Sources */ = {isa = PBXBuildFile; fileRef = D895C33627BA4A84007ABD57 /* SceneDelegate.swift */; };
		D895C33927BA4A84007ABD57 /* ViewController.swift in Sources */ = {isa = PBXBuildFile; fileRef = D895C33827BA4A84007ABD57 /* ViewController.swift */; };
		D895C33C27BA4A84007ABD57 /* Main.storyboard in Resources */ = {isa = PBXBuildFile; fileRef = D895C33A27BA4A84007ABD57 /* Main.storyboard */; };
		D895C33E27BA4A85007ABD57 /* Assets.xcassets in Resources */ = {isa = PBXBuildFile; fileRef = D895C33D27BA4A85007ABD57 /* Assets.xcassets */; };
		D895C34127BA4A85007ABD57 /* LaunchScreen.storyboard in Resources */ = {isa = PBXBuildFile; fileRef = D895C33F27BA4A85007ABD57 /* LaunchScreen.storyboard */; };
/* End PBXBuildFile section */

/* Begin PBXFileReference section */
		7BC53C4827DF30A100FB7336 /* localQuizData.json */ = {isa = PBXFileReference; lastKnownFileType = text.json; path = localQuizData.json; sourceTree = "<group>"; };
		7BC53C4A27DF30DC00FB7336 /* QuizQuestion.swift */ = {isa = PBXFileReference; lastKnownFileType = sourcecode.swift; path = QuizQuestion.swift; sourceTree = "<group>"; };
		D895C33127BA4A84007ABD57 /* WZH.app */ = {isa = PBXFileReference; explicitFileType = wrapper.application; includeInIndex = 0; path = WZH.app; sourceTree = BUILT_PRODUCTS_DIR; };
		D895C33427BA4A84007ABD57 /* AppDelegate.swift */ = {isa = PBXFileReference; lastKnownFileType = sourcecode.swift; path = AppDelegate.swift; sourceTree = "<group>"; };
		D895C33627BA4A84007ABD57 /* SceneDelegate.swift */ = {isa = PBXFileReference; lastKnownFileType = sourcecode.swift; path = SceneDelegate.swift; sourceTree = "<group>"; };
		D895C33827BA4A84007ABD57 /* ViewController.swift */ = {isa = PBXFileReference; fileEncoding = 4; lastKnownFileType = sourcecode.swift; lineEnding = 2; name = ViewController.swift; path = WZH/ViewController.swift; sourceTree = SOURCE_ROOT; usesTabs = 0; };
		D895C33B27BA4A84007ABD57 /* Base */ = {isa = PBXFileReference; lastKnownFileType = file.storyboard; name = Base; path = Base.lproj/Main.storyboard; sourceTree = "<group>"; };
		D895C33D27BA4A85007ABD57 /* Assets.xcassets */ = {isa = PBXFileReference; lastKnownFileType = folder.assetcatalog; path = Assets.xcassets; sourceTree = "<group>"; };
		D895C34027BA4A85007ABD57 /* Base */ = {isa = PBXFileReference; lastKnownFileType = file.storyboard; name = Base; path = Base.lproj/LaunchScreen.storyboard; sourceTree = "<group>"; };
		D895C34227BA4A85007ABD57 /* Info.plist */ = {isa = PBXFileReference; lastKnownFileType = text.plist.xml; path = Info.plist; sourceTree = "<group>"; };
/* End PBXFileReference section */

/* Begin PBXFrameworksBuildPhase section */
		D895C32E27BA4A84007ABD57 /* Frameworks */ = {
			isa = PBXFrameworksBuildPhase;
			buildActionMask = 2147483647;
			files = (
			);
			runOnlyForDeploymentPostprocessing = 0;
		};
/* End PBXFrameworksBuildPhase section */

/* Begin PBXGroup section */
		7B46C0A527DF324300E1D904 /* Model */ = {
			isa = PBXGroup;
			children = (
				7BC53C4A27DF30DC00FB7336 /* QuizQuestion.swift */,
			);
			path = Model;
			sourceTree = "<group>";
		};
		7B46C0A627DF329F00E1D904 /* Data */ = {
			isa = PBXGroup;
			children = (
				7BC53C4827DF30A100FB7336 /* localQuizData.json */,
			);
			path = Data;
			sourceTree = "<group>";
		};
		D895C32827BA4A84007ABD57 = {
			isa = PBXGroup;
			children = (
				D895C33327BA4A84007ABD57 /* WZH */,
				D895C33227BA4A84007ABD57 /* Products */,
			);
			sourceTree = "<group>";
		};
		D895C33227BA4A84007ABD57 /* Products */ = {
			isa = PBXGroup;
			children = (
				D895C33127BA4A84007ABD57 /* WZH.app */,
			);
			name = Products;
			sourceTree = "<group>";
		};
		D895C33327BA4A84007ABD57 /* WZH */ = {
			isa = PBXGroup;
			children = (
				7B46C0A627DF329F00E1D904 /* Data */,
				7B46C0A527DF324300E1D904 /* Model */,
				D895C33427BA4A84007ABD57 /* AppDelegate.swift */,
				D895C33627BA4A84007ABD57 /* SceneDelegate.swift */,
				D895C33827BA4A84007ABD57 /* ViewController.swift */,
				D895C33A27BA4A84007ABD57 /* Main.storyboard */,
				D895C33D27BA4A85007ABD57 /* Assets.xcassets */,
				D895C33F27BA4A85007ABD57 /* LaunchScreen.storyboard */,
				D895C34227BA4A85007ABD57 /* Info.plist */,
			);
			path = WZH;
			sourceTree = "<group>";
		};
/* End PBXGroup section */

/* Begin PBXNativeTarget section */
		D895C33027BA4A84007ABD57 /* WZH */ = {
			isa = PBXNativeTarget;
			buildConfigurationList = D895C34527BA4A85007ABD57 /* Build configuration list for PBXNativeTarget "WZH" */;
			buildPhases = (
				D895C32D27BA4A84007ABD57 /* Sources */,
				D895C32E27BA4A84007ABD57 /* Frameworks */,
				D895C32F27BA4A84007ABD57 /* Resources */,
			);
			buildRules = (
			);
			dependencies = (
			);
			name = WZH;
			productName = WZH;
			productReference = D895C33127BA4A84007ABD57 /* WZH.app */;
			productType = "com.apple.product-type.application";
		};
/* End PBXNativeTarget section */

/* Begin PBXProject section */
		D895C32927BA4A84007ABD57 /* Project object */ = {
			isa = PBXProject;
			attributes = {
				BuildIndependentTargetsInParallel = 1;
				LastSwiftUpdateCheck = 1320;
				LastUpgradeCheck = 1320;
				TargetAttributes = {
					D895C33027BA4A84007ABD57 = {
						CreatedOnToolsVersion = 13.2.1;
					};
				};
			};
			buildConfigurationList = D895C32C27BA4A84007ABD57 /* Build configuration list for PBXProject "WZH" */;
			compatibilityVersion = "Xcode 13.0";
			developmentRegion = en;
			hasScannedForEncodings = 0;
			knownRegions = (
				en,
				Base,
			);
			mainGroup = D895C32827BA4A84007ABD57;
			productRefGroup = D895C33227BA4A84007ABD57 /* Products */;
			projectDirPath = "";
			projectRoot = "";
			targets = (
				D895C33027BA4A84007ABD57 /* WZH */,
			);
		};
/* End PBXProject section */

/* Begin PBXResourcesBuildPhase section */
		D895C32F27BA4A84007ABD57 /* Resources */ = {
			isa = PBXResourcesBuildPhase;
			buildActionMask = 2147483647;
			files = (
				D895C34127BA4A85007ABD57 /* LaunchScreen.storyboard in Resources */,
				7BC53C4927DF30A100FB7336 /* localQuizData.json in Resources */,
				D895C33E27BA4A85007ABD57 /* Assets.xcassets in Resources */,
				D895C33C27BA4A84007ABD57 /* Main.storyboard in Resources */,
			);
			runOnlyForDeploymentPostprocessing = 0;
		};
/* End PBXResourcesBuildPhase section */

/* Begin PBXSourcesBuildPhase section */
		D895C32D27BA4A84007ABD57 /* Sources */ = {
			isa = PBXSourcesBuildPhase;
			buildActionMask = 2147483647;
			files = (
				D895C33927BA4A84007ABD57 /* ViewController.swift in Sources */,
				D895C33527BA4A84007ABD57 /* AppDelegate.swift in Sources */,
				7BC53C4B27DF30DC00FB7336 /* QuizQuestion.swift in Sources */,
				D895C33727BA4A84007ABD57 /* SceneDelegate.swift in Sources */,
			);
			runOnlyForDeploymentPostprocessing = 0;
		};
/* End PBXSourcesBuildPhase section */

/* Begin PBXVariantGroup section */
		D895C33A27BA4A84007ABD57 /* Main.storyboard */ = {
			isa = PBXVariantGroup;
			children = (
				D895C33B27BA4A84007ABD57 /* Base */,
			);
			name = Main.storyboard;
			sourceTree = "<group>";
		};
		D895C33F27BA4A85007ABD57 /* LaunchScreen.storyboard */ = {
			isa = PBXVariantGroup;
			children = (
				D895C34027BA4A85007ABD57 /* Base */,
			);
			name = LaunchScreen.storyboard;
			sourceTree = "<group>";
		};
/* End PBXVariantGroup section */

/* Begin XCBuildConfiguration section */
		D895C34327BA4A85007ABD57 /* Debug */ = {
			isa = XCBuildConfiguration;
			buildSettings = {
				ALWAYS_SEARCH_USER_PATHS = NO;
				CLANG_ANALYZER_NONNULL = YES;
				CLANG_ANALYZER_NUMBER_OBJECT_CONVERSION = YES_AGGRESSIVE;
				CLANG_CXX_LANGUAGE_STANDARD = "gnu++17";
				CLANG_CXX_LIBRARY = "libc++";
				CLANG_ENABLE_MODULES = YES;
				CLANG_ENABLE_OBJC_ARC = YES;
				CLANG_ENABLE_OBJC_WEAK = YES;
				CLANG_WARN_BLOCK_CAPTURE_AUTORELEASING = YES;
				CLANG_WARN_BOOL_CONVERSION = YES;
				CLANG_WARN_COMMA = YES;
				CLANG_WARN_CONSTANT_CONVERSION = YES;
				CLANG_WARN_DEPRECATED_OBJC_IMPLEMENTATIONS = YES;
				CLANG_WARN_DIRECT_OBJC_ISA_USAGE = YES_ERROR;
				CLANG_WARN_DOCUMENTATION_COMMENTS = YES;
				CLANG_WARN_EMPTY_BODY = YES;
				CLANG_WARN_ENUM_CONVERSION = YES;
				CLANG_WARN_INFINITE_RECURSION = YES;
				CLANG_WARN_INT_CONVERSION = YES;
				CLANG_WARN_NON_LITERAL_NULL_CONVERSION = YES;
				CLANG_WARN_OBJC_IMPLICIT_RETAIN_SELF = YES;
				CLANG_WARN_OBJC_LITERAL_CONVERSION = YES;
				CLANG_WARN_OBJC_ROOT_CLASS = YES_ERROR;
				CLANG_WARN_QUOTED_INCLUDE_IN_FRAMEWORK_HEADER = YES;
				CLANG_WARN_RANGE_LOOP_ANALYSIS = YES;
				CLANG_WARN_STRICT_PROTOTYPES = YES;
				CLANG_WARN_SUSPICIOUS_MOVE = YES;
				CLANG_WARN_UNGUARDED_AVAILABILITY = YES_AGGRESSIVE;
				CLANG_WARN_UNREACHABLE_CODE = YES;
				CLANG_WARN__DUPLICATE_METHOD_MATCH = YES;
				COPY_PHASE_STRIP = NO;
				DEBUG_INFORMATION_FORMAT = dwarf;
				ENABLE_STRICT_OBJC_MSGSEND = YES;
				ENABLE_TESTABILITY = YES;
				GCC_C_LANGUAGE_STANDARD = gnu11;
				GCC_DYNAMIC_NO_PIC = NO;
				GCC_NO_COMMON_BLOCKS = YES;
				GCC_OPTIMIZATION_LEVEL = 0;
				GCC_PREPROCESSOR_DEFINITIONS = (
					"DEBUG=1",
					"$(inherited)",
				);
				GCC_WARN_64_TO_32_BIT_CONVERSION = YES;
				GCC_WARN_ABOUT_RETURN_TYPE = YES_ERROR;
				GCC_WARN_UNDECLARED_SELECTOR = YES;
				GCC_WARN_UNINITIALIZED_AUTOS = YES_AGGRESSIVE;
				GCC_WARN_UNUSED_FUNCTION = YES;
				GCC_WARN_UNUSED_VARIABLE = YES;
				IPHONEOS_DEPLOYMENT_TARGET = 15.2;
				MTL_ENABLE_DEBUG_INFO = INCLUDE_SOURCE;
				MTL_FAST_MATH = YES;
				ONLY_ACTIVE_ARCH = YES;
				SDKROOT = iphoneos;
				SWIFT_ACTIVE_COMPILATION_CONDITIONS = DEBUG;
				SWIFT_OPTIMIZATION_LEVEL = "-Onone";
			};
			name = Debug;
		};
		D895C34427BA4A85007ABD57 /* Release */ = {
			isa = XCBuildConfiguration;
			buildSettings = {
				ALWAYS_SEARCH_USER_PATHS = NO;
				CLANG_ANALYZER_NONNULL = YES;
				CLANG_ANALYZER_NUMBER_OBJECT_CONVERSION = YES_AGGRESSIVE;
				CLANG_CXX_LANGUAGE_STANDARD = "gnu++17";
				CLANG_CXX_LIBRARY = "libc++";
				CLANG_ENABLE_MODULES = YES;
				CLANG_ENABLE_OBJC_ARC = YES;
				CLANG_ENABLE_OBJC_WEAK = YES;
				CLANG_WARN_BLOCK_CAPTURE_AUTORELEASING = YES;
				CLANG_WARN_BOOL_CONVERSION = YES;
				CLANG_WARN_COMMA = YES;
				CLANG_WARN_CONSTANT_CONVERSION = YES;
				CLANG_WARN_DEPRECATED_OBJC_IMPLEMENTATIONS = YES;
				CLANG_WARN_DIRECT_OBJC_ISA_USAGE = YES_ERROR;
				CLANG_WARN_DOCUMENTATION_COMMENTS = YES;
				CLANG_WARN_EMPTY_BODY = YES;
				CLANG_WARN_ENUM_CONVERSION = YES;
				CLANG_WARN_INFINITE_RECURSION = YES;
				CLANG_WARN_INT_CONVERSION = YES;
				CLANG_WARN_NON_LITERAL_NULL_CONVERSION = YES;
				CLANG_WARN_OBJC_IMPLICIT_RETAIN_SELF = YES;
				CLANG_WARN_OBJC_LITERAL_CONVERSION = YES;
				CLANG_WARN_OBJC_ROOT_CLASS = YES_ERROR;
				CLANG_WARN_QUOTED_INCLUDE_IN_FRAMEWORK_HEADER = YES;
				CLANG_WARN_RANGE_LOOP_ANALYSIS = YES;
				CLANG_WARN_STRICT_PROTOTYPES = YES;
				CLANG_WARN_SUSPICIOUS_MOVE = YES;
				CLANG_WARN_UNGUARDED_AVAILABILITY = YES_AGGRESSIVE;
				CLANG_WARN_UNREACHABLE_CODE = YES;
				CLANG_WARN__DUPLICATE_METHOD_MATCH = YES;
				COPY_PHASE_STRIP = NO;
				DEBUG_INFORMATION_FORMAT = "dwarf-with-dsym";
				ENABLE_NS_ASSERTIONS = NO;
				ENABLE_STRICT_OBJC_MSGSEND = YES;
				GCC_C_LANGUAGE_STANDARD = gnu11;
				GCC_NO_COMMON_BLOCKS = YES;
				GCC_WARN_64_TO_32_BIT_CONVERSION = YES;
				GCC_WARN_ABOUT_RETURN_TYPE = YES_ERROR;
				GCC_WARN_UNDECLARED_SELECTOR = YES;
				GCC_WARN_UNINITIALIZED_AUTOS = YES_AGGRESSIVE;
				GCC_WARN_UNUSED_FUNCTION = YES;
				GCC_WARN_UNUSED_VARIABLE = YES;
				IPHONEOS_DEPLOYMENT_TARGET = 15.2;
				MTL_ENABLE_DEBUG_INFO = NO;
				MTL_FAST_MATH = YES;
				SDKROOT = iphoneos;
				SWIFT_COMPILATION_MODE = wholemodule;
				SWIFT_OPTIMIZATION_LEVEL = "-O";
				VALIDATE_PRODUCT = YES;
			};
			name = Release;
		};
		D895C34627BA4A85007ABD57 /* Debug */ = {
			isa = XCBuildConfiguration;
			buildSettings = {
				ASSETCATALOG_COMPILER_APPICON_NAME = AppIcon;
				ASSETCATALOG_COMPILER_GLOBAL_ACCENT_COLOR_NAME = AccentColor;
				CODE_SIGN_STYLE = Automatic;
				CURRENT_PROJECT_VERSION = 1;
				GENERATE_INFOPLIST_FILE = YES;
				INFOPLIST_FILE = WZH/Info.plist;
				INFOPLIST_KEY_UIApplicationSupportsIndirectInputEvents = YES;
				INFOPLIST_KEY_UILaunchStoryboardName = LaunchScreen;
				INFOPLIST_KEY_UIMainStoryboardFile = Main;
				INFOPLIST_KEY_UISupportedInterfaceOrientations_iPad = "UIInterfaceOrientationPortrait UIInterfaceOrientationPortraitUpsideDown UIInterfaceOrientationLandscapeLeft UIInterfaceOrientationLandscapeRight";
				INFOPLIST_KEY_UISupportedInterfaceOrientations_iPhone = "UIInterfaceOrientationPortrait UIInterfaceOrientationLandscapeLeft UIInterfaceOrientationLandscapeRight";
				LD_RUNPATH_SEARCH_PATHS = (
					"$(inherited)",
					"@executable_path/Frameworks",
				);
				MARKETING_VERSION = 1.0;
				PRODUCT_BUNDLE_IDENTIFIER = "ROC-Mondriaan";
				PRODUCT_NAME = "$(TARGET_NAME)";
				SWIFT_EMIT_LOC_STRINGS = YES;
				SWIFT_VERSION = 5.0;
				TARGETED_DEVICE_FAMILY = "1,2";
			};
			name = Debug;
		};
		D895C34727BA4A85007ABD57 /* Release */ = {
			isa = XCBuildConfiguration;
			buildSettings = {
				ASSETCATALOG_COMPILER_APPICON_NAME = AppIcon;
				ASSETCATALOG_COMPILER_GLOBAL_ACCENT_COLOR_NAME = AccentColor;
				CODE_SIGN_STYLE = Automatic;
				CURRENT_PROJECT_VERSION = 1;
				GENERATE_INFOPLIST_FILE = YES;
				INFOPLIST_FILE = WZH/Info.plist;
				INFOPLIST_KEY_UIApplicationSupportsIndirectInputEvents = YES;
				INFOPLIST_KEY_UILaunchStoryboardName = LaunchScreen;
				INFOPLIST_KEY_UIMainStoryboardFile = Main;
				INFOPLIST_KEY_UISupportedInterfaceOrientations_iPad = "UIInterfaceOrientationPortrait UIInterfaceOrientationPortraitUpsideDown UIInterfaceOrientationLandscapeLeft UIInterfaceOrientationLandscapeRight";
				INFOPLIST_KEY_UISupportedInterfaceOrientations_iPhone = "UIInterfaceOrientationPortrait UIInterfaceOrientationLandscapeLeft UIInterfaceOrientationLandscapeRight";
				LD_RUNPATH_SEARCH_PATHS = (
					"$(inherited)",
					"@executable_path/Frameworks",
				);
				MARKETING_VERSION = 1.0;
				PRODUCT_BUNDLE_IDENTIFIER = "ROC-Mondriaan";
				PRODUCT_NAME = "$(TARGET_NAME)";
				SWIFT_EMIT_LOC_STRINGS = YES;
				SWIFT_VERSION = 5.0;
				TARGETED_DEVICE_FAMILY = "1,2";
			};
			name = Release;
		};
/* End XCBuildConfiguration section */

/* Begin XCConfigurationList section */
		D895C32C27BA4A84007ABD57 /* Build configuration list for PBXProject "WZH" */ = {
			isa = XCConfigurationList;
			buildConfigurations = (
				D895C34327BA4A85007ABD57 /* Debug */,
				D895C34427BA4A85007ABD57 /* Release */,
			);
			defaultConfigurationIsVisible = 0;
			defaultConfigurationName = Release;
		};
		D895C34527BA4A85007ABD57 /* Build configuration list for PBXNativeTarget "WZH" */ = {
			isa = XCConfigurationList;
			buildConfigurations = (
				D895C34627BA4A85007ABD57 /* Debug */,
				D895C34727BA4A85007ABD57 /* Release */,
			);
			defaultConfigurationIsVisible = 0;
			defaultConfigurationName = Release;
		};
/* End XCConfigurationList section */
	};
	rootObject = D895C32927BA4A84007ABD57 /* Project object */;
}
